
Microsoft Visual Studio Solution File, Format Version 12.00
# Visual Studio Version 16
VisualStudioVersion = 16.0.32228.343
MinimumVisualStudioVersion = 10.0.40219.1
Project("{9A19103F-16F7-4668-BE54-9A1E7A4F7556}") = "ReflectDemo", "ConsoleApp1\ReflectDemo.csproj", "{39B166A2-4EBF-40FA-9984-D3FB452B80D3}"
EndProject
Project("{9A19103F-16F7-4668-BE54-9A1E7A4F7556}") = "MethodInvoke", "MethodInvoke\MethodInvoke.csproj", "{95810ADF-A7D5-4798-A60E-00FD7A5E9833}"
EndProject
Project("{9A19103F-16F7-4668-BE54-9A1E7A4F7556}") = "TimerTest0426", "Timer\TimerTest0426.csproj", "{C57908D3-6BFF-453B-A6F8-1D8AA7DDCF1D}"
EndProject
Project("{9A19103F-16F7-4668-BE54-9A1E7A4F7556}") = "AsyncLockSample", "AsyncLockSample\AsyncLockSample.csproj", "{A4365092-5AF2-4092-929B-5D1FD4B16052}"
EndProject
Project("{2150E333-8FDC-42A3-9474-1A3956D46DE8}") = "多线程-并发-锁", "多线程-并发-锁", "{FB561CE0-D8FA-4FA1-81FA-7B2F28252384}"
EndProject
Project("{9A19103F-16F7-4668-BE54-9A1E7A4F7556}") = "DeadLock1", "DeadLock1\DeadLock1.csproj", "{D5E33601-4E22-4940-9BF1-68CA7C1688C6}"
EndProject
Project("{9A19103F-16F7-4668-BE54-9A1E7A4F7556}") = "ThreadDemo_Semaphore", "SemaphoreSample1\ThreadDemo_Semaphore.csproj", "{D7668F7B-1119-4304-9228-F9F44F51DE97}"
EndProject
Project("{9A19103F-16F7-4668-BE54-9A1E7A4F7556}") = "ReaderWriterLockSlimDemo", "ReaderWriterLockSlimDemo\ReaderWriterLockSlimDemo.csproj", "{6DCC3D1B-454C-4197-A0BE-72660566DC07}"
EndProject
Project("{FAE04EC0-301F-11D3-BF4B-00C04F79EFBC}") = "DesignPattern.AbstractFactory", "DesignPattern\DesignPattern.AbstractFactory\DesignPattern.AbstractFactory.csproj", "{13BF0335-5802-44B9-87E1-1780E7585BED}"
EndProject
Project("{FAE04EC0-301F-11D3-BF4B-00C04F79EFBC}") = "DesignPattern.SimpleFactory", "DesignPattern\DesignPattern.SimpleFactory\DesignPattern.SimpleFactory.csproj", "{4D75C9CA-3513-447F-8686-D2FBC00E212F}"
EndProject
Project("{FAE04EC0-301F-11D3-BF4B-00C04F79EFBC}") = "EDC.DesignPattern.TemplateMethod", "DesignPattern\DesignPattern.TemplateMethod\EDC.DesignPattern.TemplateMethod.csproj", "{FF989778-A40F-40C9-8C95-6F8AE2028341}"
EndProject
Project("{FAE04EC0-301F-11D3-BF4B-00C04F79EFBC}") = "DesignPattern.FactoryMethod", "DesignPattern\DesignPattern.FactoryMethod\DesignPattern.FactoryMethod.csproj", "{CEDF3F69-12FC-428D-82AB-3E67E0F8DDF7}"
EndProject
Project("{FAE04EC0-301F-11D3-BF4B-00C04F79EFBC}") = "EDC.DesignPattern.Singleton", "DesignPattern\DesignPattern.Singleton\EDC.DesignPattern.Singleton.csproj", "{6952EC7B-598F-4F3B-86A7-DD7955DFA503}"
EndProject
Project("{FAE04EC0-301F-11D3-BF4B-00C04F79EFBC}") = "EDC.DesignPattern.Proxy", "DesignPattern\DesignPattern.Proxy\EDC.DesignPattern.Proxy.csproj", "{4D8E3D4B-86E7-4DED-9AAE-1BE2E341CC8D}"
EndProject
Project("{FAE04EC0-301F-11D3-BF4B-00C04F79EFBC}") = "EDC.DesignPattern.Strategy", "DesignPattern\DesignPattern.Strategy\EDC.DesignPattern.Strategy.csproj", "{07CD6CFC-E324-4C06-BC3B-EFD16877CACF}"
EndProject
Project("{FAE04EC0-301F-11D3-BF4B-00C04F79EFBC}") = "EDC.DesignPattern.Prototype", "DesignPattern\DesignPattern.Prototype\EDC.DesignPattern.Prototype.csproj", "{C58CA655-ECE9-43EF-B283-74020830C691}"
EndProject
Project("{FAE04EC0-301F-11D3-BF4B-00C04F79EFBC}") = "DesignPattern.Observer", "DesignPattern\DesignPattern.Observer\DesignPattern.Observer.csproj", "{C6D19763-0207-46ED-B9AA-59C82EDC0C28}"
EndProject
Project("{FAE04EC0-301F-11D3-BF4B-00C04F79EFBC}") = "EDC.DesignPattern.Builder", "DesignPattern\DesignPattern.Builder\EDC.DesignPattern.Builder.csproj", "{27CD2FAC-453C-42AD-8917-41EE3A2C7C4C}"
EndProject
Project("{9A19103F-16F7-4668-BE54-9A1E7A4F7556}") = "HttpContextDemo", "HttpContextDemo\HttpContextDemo.csproj", "{0A82412C-773F-4BCE-B8D7-65F1D19DEE51}"
EndProject
Project("{9A19103F-16F7-4668-BE54-9A1E7A4F7556}") = "DelegateDemo_03_Observer", "DelegateDemo_03_Interface\DelegateDemo_03_Observer.csproj", "{9D4B28A5-5935-47BD-8576-E0AC7ADDC925}"
EndProject
Project("{9A19103F-16F7-4668-BE54-9A1E7A4F7556}") = "DelegateDemo_01", "DelegateDemo_01\DelegateDemo_01.csproj", "{6C9B8E81-54EA-4284-A357-079DD2C8D46F}"
EndProject
Project("{9A19103F-16F7-4668-BE54-9A1E7A4F7556}") = "DelegateDemo_02_VsInterface", "DelegateDemo_02_VsInterface\DelegateDemo_02_VsInterface.csproj", "{97E390DA-1225-4F12-BF69-2EAFD966CA0D}"
EndProject
Project("{2150E333-8FDC-42A3-9474-1A3956D46DE8}") = "Delegate", "Delegate", "{31694B2C-5A45-4636-A2D8-A75B5D8AF899}"
EndProject
Project("{2150E333-8FDC-42A3-9474-1A3956D46DE8}") = "Reflect", "Reflect", "{64A37BF0-2447-4484-9EF5-EF4125D70CCE}"
EndProject
Project("{2150E333-8FDC-42A3-9474-1A3956D46DE8}") = "DesignPattern", "DesignPattern", "{0FAEFB4B-AA32-4E73-82D3-FD458E94BEAD}"
EndProject
Project("{9A19103F-16F7-4668-BE54-9A1E7A4F7556}") = "DelegateDemo_01_Wrap", "DelegateDemo_03_Event\DelegateDemo_01_Wrap.csproj", "{B48F29E2-C6DF-4798-BA33-D929B3F1A0E7}"
EndProject
Project("{9A19103F-16F7-4668-BE54-9A1E7A4F7556}") = "DelegateDemo_01_Event", "DelegateDemo_01_Event\DelegateDemo_01_Event.csproj", "{7467FC55-2D16-420E-B906-ABD790BDA854}"
EndProject
Project("{9A19103F-16F7-4668-BE54-9A1E7A4F7556}") = "DelegateDemo_03_Event_Observer", "DelegateDemo_03_event_Observer\DelegateDemo_03_Event_Observer.csproj", "{4CAA819F-C613-4A08-A5C8-55E6AE3D84E9}"
EndProject
Project("{9A19103F-16F7-4668-BE54-9A1E7A4F7556}") = "DelegateDemo_03_GetDelegateList", "DelegateDemo_03_GetDelegateList\DelegateDemo_03_GetDelegateList.csproj", "{39360B31-3D13-4E10-B3DA-69B130508DB9}"
EndProject
Project("{9A19103F-16F7-4668-BE54-9A1E7A4F7556}") = "ThreadDemo_01", "ThreadDemo_01\ThreadDemo_01.csproj", "{AFB9D24D-AC87-4864-943A-051027DC08CF}"
EndProject
Project("{9A19103F-16F7-4668-BE54-9A1E7A4F7556}") = "ThreadDemo_02_IsBackground", "ThreadDemo_02_IsBackground\ThreadDemo_02_IsBackground.csproj", "{18B2C51C-43F4-453F-B2C9-A47D5D2BE13C}"
EndProject
Project("{9A19103F-16F7-4668-BE54-9A1E7A4F7556}") = "ThreadDemo_Mutex", "ThreadDemo_Mutex\ThreadDemo_Mutex.csproj", "{D66FAA99-D695-47B8-B791-B5FEB374607B}"
EndProject
Project("{9A19103F-16F7-4668-BE54-9A1E7A4F7556}") = "ThreadDemo_AutoResetEvent", "ThreadDemo_AutoResetEvent\ThreadDemo_AutoResetEvent.csproj", "{B800F43B-80CC-4A92-870B-4751A5F4892B}"
EndProject
Project("{9A19103F-16F7-4668-BE54-9A1E7A4F7556}") = "ThreadDemo_ManualResetEvent", "ThreadDemo_ManualResetEvent\ThreadDemo_ManualResetEvent.csproj", "{B3DF237A-6FE9-4BA9-8BA5-B0C295B2DF20}"
EndProject
Project("{FAE04EC0-301F-11D3-BF4B-00C04F79EFBC}") = "ListTest", "ListTest\ListTest.csproj", "{489A8B70-663E-459D-8D54-EC04CE6F3615}"
EndProject
Global
	GlobalSection(SolutionConfigurationPlatforms) = preSolution
		Debug|Any CPU = Debug|Any CPU
		Release|Any CPU = Release|Any CPU
	EndGlobalSection
	GlobalSection(ProjectConfigurationPlatforms) = postSolution
		{39B166A2-4EBF-40FA-9984-D3FB452B80D3}.Debug|Any CPU.ActiveCfg = Debug|Any CPU
		{39B166A2-4EBF-40FA-9984-D3FB452B80D3}.Debug|Any CPU.Build.0 = Debug|Any CPU
		{39B166A2-4EBF-40FA-9984-D3FB452B80D3}.Release|Any CPU.ActiveCfg = Release|Any CPU
		{39B166A2-4EBF-40FA-9984-D3FB452B80D3}.Release|Any CPU.Build.0 = Release|Any CPU
		{95810ADF-A7D5-4798-A60E-00FD7A5E9833}.Debug|Any CPU.ActiveCfg = Debug|Any CPU
		{95810ADF-A7D5-4798-A60E-00FD7A5E9833}.Debug|Any CPU.Build.0 = Debug|Any CPU
		{95810ADF-A7D5-4798-A60E-00FD7A5E9833}.Release|Any CPU.ActiveCfg = Release|Any CPU
		{95810ADF-A7D5-4798-A60E-00FD7A5E9833}.Release|Any CPU.Build.0 = Release|Any CPU
		{C57908D3-6BFF-453B-A6F8-1D8AA7DDCF1D}.Debug|Any CPU.ActiveCfg = Debug|Any CPU
		{C57908D3-6BFF-453B-A6F8-1D8AA7DDCF1D}.Debug|Any CPU.Build.0 = Debug|Any CPU
		{C57908D3-6BFF-453B-A6F8-1D8AA7DDCF1D}.Release|Any CPU.ActiveCfg = Release|Any CPU
		{C57908D3-6BFF-453B-A6F8-1D8AA7DDCF1D}.Release|Any CPU.Build.0 = Release|Any CPU
		{A4365092-5AF2-4092-929B-5D1FD4B16052}.Debug|Any CPU.ActiveCfg = Debug|Any CPU
		{A4365092-5AF2-4092-929B-5D1FD4B16052}.Debug|Any CPU.Build.0 = Debug|Any CPU
		{A4365092-5AF2-4092-929B-5D1FD4B16052}.Release|Any CPU.ActiveCfg = Release|Any CPU
		{A4365092-5AF2-4092-929B-5D1FD4B16052}.Release|Any CPU.Build.0 = Release|Any CPU
		{D5E33601-4E22-4940-9BF1-68CA7C1688C6}.Debug|Any CPU.ActiveCfg = Debug|Any CPU
		{D5E33601-4E22-4940-9BF1-68CA7C1688C6}.Debug|Any CPU.Build.0 = Debug|Any CPU
		{D5E33601-4E22-4940-9BF1-68CA7C1688C6}.Release|Any CPU.ActiveCfg = Release|Any CPU
		{D5E33601-4E22-4940-9BF1-68CA7C1688C6}.Release|Any CPU.Build.0 = Release|Any CPU
		{D7668F7B-1119-4304-9228-F9F44F51DE97}.Debug|Any CPU.ActiveCfg = Debug|Any CPU
		{D7668F7B-1119-4304-9228-F9F44F51DE97}.Debug|Any CPU.Build.0 = Debug|Any CPU
		{D7668F7B-1119-4304-9228-F9F44F51DE97}.Release|Any CPU.ActiveCfg = Release|Any CPU
		{D7668F7B-1119-4304-9228-F9F44F51DE97}.Release|Any CPU.Build.0 = Release|Any CPU
		{6DCC3D1B-454C-4197-A0BE-72660566DC07}.Debug|Any CPU.ActiveCfg = Debug|Any CPU
		{6DCC3D1B-454C-4197-A0BE-72660566DC07}.Debug|Any CPU.Build.0 = Debug|Any CPU
		{6DCC3D1B-454C-4197-A0BE-72660566DC07}.Release|Any CPU.ActiveCfg = Release|Any CPU
		{6DCC3D1B-454C-4197-A0BE-72660566DC07}.Release|Any CPU.Build.0 = Release|Any CPU
		{13BF0335-5802-44B9-87E1-1780E7585BED}.Debug|Any CPU.ActiveCfg = Debug|Any CPU
		{13BF0335-5802-44B9-87E1-1780E7585BED}.Debug|Any CPU.Build.0 = Debug|Any CPU
		{13BF0335-5802-44B9-87E1-1780E7585BED}.Release|Any CPU.ActiveCfg = Release|Any CPU
		{13BF0335-5802-44B9-87E1-1780E7585BED}.Release|Any CPU.Build.0 = Release|Any CPU
		{4D75C9CA-3513-447F-8686-D2FBC00E212F}.Debug|Any CPU.ActiveCfg = Debug|Any CPU
		{4D75C9CA-3513-447F-8686-D2FBC00E212F}.Debug|Any CPU.Build.0 = Debug|Any CPU
		{4D75C9CA-3513-447F-8686-D2FBC00E212F}.Release|Any CPU.ActiveCfg = Release|Any CPU
		{4D75C9CA-3513-447F-8686-D2FBC00E212F}.Release|Any CPU.Build.0 = Release|Any CPU
		{FF989778-A40F-40C9-8C95-6F8AE2028341}.Debug|Any CPU.ActiveCfg = Debug|Any CPU
		{FF989778-A40F-40C9-8C95-6F8AE2028341}.Debug|Any CPU.Build.0 = Debug|Any CPU
		{FF989778-A40F-40C9-8C95-6F8AE2028341}.Release|Any CPU.ActiveCfg = Release|Any CPU
		{FF989778-A40F-40C9-8C95-6F8AE2028341}.Release|Any CPU.Build.0 = Release|Any CPU
		{CEDF3F69-12FC-428D-82AB-3E67E0F8DDF7}.Debug|Any CPU.ActiveCfg = Debug|Any CPU
		{CEDF3F69-12FC-428D-82AB-3E67E0F8DDF7}.Debug|Any CPU.Build.0 = Debug|Any CPU
		{CEDF3F69-12FC-428D-82AB-3E67E0F8DDF7}.Release|Any CPU.ActiveCfg = Release|Any CPU
		{CEDF3F69-12FC-428D-82AB-3E67E0F8DDF7}.Release|Any CPU.Build.0 = Release|Any CPU
		{6952EC7B-598F-4F3B-86A7-DD7955DFA503}.Debug|Any CPU.ActiveCfg = Debug|Any CPU
		{6952EC7B-598F-4F3B-86A7-DD7955DFA503}.Debug|Any CPU.Build.0 = Debug|Any CPU
		{6952EC7B-598F-4F3B-86A7-DD7955DFA503}.Release|Any CPU.ActiveCfg = Release|Any CPU
		{6952EC7B-598F-4F3B-86A7-DD7955DFA503}.Release|Any CPU.Build.0 = Release|Any CPU
		{4D8E3D4B-86E7-4DED-9AAE-1BE2E341CC8D}.Debug|Any CPU.ActiveCfg = Debug|Any CPU
		{4D8E3D4B-86E7-4DED-9AAE-1BE2E341CC8D}.Debug|Any CPU.Build.0 = Debug|Any CPU
		{4D8E3D4B-86E7-4DED-9AAE-1BE2E341CC8D}.Release|Any CPU.ActiveCfg = Release|Any CPU
		{4D8E3D4B-86E7-4DED-9AAE-1BE2E341CC8D}.Release|Any CPU.Build.0 = Release|Any CPU
		{07CD6CFC-E324-4C06-BC3B-EFD16877CACF}.Debug|Any CPU.ActiveCfg = Debug|Any CPU
		{07CD6CFC-E324-4C06-BC3B-EFD16877CACF}.Debug|Any CPU.Build.0 = Debug|Any CPU
		{07CD6CFC-E324-4C06-BC3B-EFD16877CACF}.Release|Any CPU.ActiveCfg = Release|Any CPU
		{07CD6CFC-E324-4C06-BC3B-EFD16877CACF}.Release|Any CPU.Build.0 = Release|Any CPU
		{C58CA655-ECE9-43EF-B283-74020830C691}.Debug|Any CPU.ActiveCfg = Debug|Any CPU
		{C58CA655-ECE9-43EF-B283-74020830C691}.Debug|Any CPU.Build.0 = Debug|Any CPU
		{C58CA655-ECE9-43EF-B283-74020830C691}.Release|Any CPU.ActiveCfg = Release|Any CPU
		{C58CA655-ECE9-43EF-B283-74020830C691}.Release|Any CPU.Build.0 = Release|Any CPU
		{C6D19763-0207-46ED-B9AA-59C82EDC0C28}.Debug|Any CPU.ActiveCfg = Debug|Any CPU
		{C6D19763-0207-46ED-B9AA-59C82EDC0C28}.Debug|Any CPU.Build.0 = Debug|Any CPU
		{C6D19763-0207-46ED-B9AA-59C82EDC0C28}.Release|Any CPU.ActiveCfg = Release|Any CPU
		{C6D19763-0207-46ED-B9AA-59C82EDC0C28}.Release|Any CPU.Build.0 = Release|Any CPU
		{27CD2FAC-453C-42AD-8917-41EE3A2C7C4C}.Debug|Any CPU.ActiveCfg = Debug|Any CPU
		{27CD2FAC-453C-42AD-8917-41EE3A2C7C4C}.Debug|Any CPU.Build.0 = Debug|Any CPU
		{27CD2FAC-453C-42AD-8917-41EE3A2C7C4C}.Release|Any CPU.ActiveCfg = Release|Any CPU
		{27CD2FAC-453C-42AD-8917-41EE3A2C7C4C}.Release|Any CPU.Build.0 = Release|Any CPU
		{0A82412C-773F-4BCE-B8D7-65F1D19DEE51}.Debug|Any CPU.ActiveCfg = Debug|Any CPU
		{0A82412C-773F-4BCE-B8D7-65F1D19DEE51}.Debug|Any CPU.Build.0 = Debug|Any CPU
		{0A82412C-773F-4BCE-B8D7-65F1D19DEE51}.Release|Any CPU.ActiveCfg = Release|Any CPU
		{0A82412C-773F-4BCE-B8D7-65F1D19DEE51}.Release|Any CPU.Build.0 = Release|Any CPU
		{9D4B28A5-5935-47BD-8576-E0AC7ADDC925}.Debug|Any CPU.ActiveCfg = Debug|Any CPU
		{9D4B28A5-5935-47BD-8576-E0AC7ADDC925}.Debug|Any CPU.Build.0 = Debug|Any CPU
		{9D4B28A5-5935-47BD-8576-E0AC7ADDC925}.Release|Any CPU.ActiveCfg = Release|Any CPU
		{9D4B28A5-5935-47BD-8576-E0AC7ADDC925}.Release|Any CPU.Build.0 = Release|Any CPU
		{6C9B8E81-54EA-4284-A357-079DD2C8D46F}.Debug|Any CPU.ActiveCfg = Debug|Any CPU
		{6C9B8E81-54EA-4284-A357-079DD2C8D46F}.Debug|Any CPU.Build.0 = Debug|Any CPU
		{6C9B8E81-54EA-4284-A357-079DD2C8D46F}.Release|Any CPU.ActiveCfg = Release|Any CPU
		{6C9B8E81-54EA-4284-A357-079DD2C8D46F}.Release|Any CPU.Build.0 = Release|Any CPU
		{97E390DA-1225-4F12-BF69-2EAFD966CA0D}.Debug|Any CPU.ActiveCfg = Debug|Any CPU
		{97E390DA-1225-4F12-BF69-2EAFD966CA0D}.Debug|Any CPU.Build.0 = Debug|Any CPU
		{97E390DA-1225-4F12-BF69-2EAFD966CA0D}.Release|Any CPU.ActiveCfg = Release|Any CPU
		{97E390DA-1225-4F12-BF69-2EAFD966CA0D}.Release|Any CPU.Build.0 = Release|Any CPU
		{B48F29E2-C6DF-4798-BA33-D929B3F1A0E7}.Debug|Any CPU.ActiveCfg = Debug|Any CPU
		{B48F29E2-C6DF-4798-BA33-D929B3F1A0E7}.Debug|Any CPU.Build.0 = Debug|Any CPU
		{B48F29E2-C6DF-4798-BA33-D929B3F1A0E7}.Release|Any CPU.ActiveCfg = Release|Any CPU
		{B48F29E2-C6DF-4798-BA33-D929B3F1A0E7}.Release|Any CPU.Build.0 = Release|Any CPU
		{7467FC55-2D16-420E-B906-ABD790BDA854}.Debug|Any CPU.ActiveCfg = Debug|Any CPU
		{7467FC55-2D16-420E-B906-ABD790BDA854}.Debug|Any CPU.Build.0 = Debug|Any CPU
		{7467FC55-2D16-420E-B906-ABD790BDA854}.Release|Any CPU.ActiveCfg = Release|Any CPU
		{7467FC55-2D16-420E-B906-ABD790BDA854}.Release|Any CPU.Build.0 = Release|Any CPU
		{4CAA819F-C613-4A08-A5C8-55E6AE3D84E9}.Debug|Any CPU.ActiveCfg = Debug|Any CPU
		{4CAA819F-C613-4A08-A5C8-55E6AE3D84E9}.Debug|Any CPU.Build.0 = Debug|Any CPU
		{4CAA819F-C613-4A08-A5C8-55E6AE3D84E9}.Release|Any CPU.ActiveCfg = Release|Any CPU
		{4CAA819F-C613-4A08-A5C8-55E6AE3D84E9}.Release|Any CPU.Build.0 = Release|Any CPU
		{39360B31-3D13-4E10-B3DA-69B130508DB9}.Debug|Any CPU.ActiveCfg = Debug|Any CPU
		{39360B31-3D13-4E10-B3DA-69B130508DB9}.Debug|Any CPU.Build.0 = Debug|Any CPU
		{39360B31-3D13-4E10-B3DA-69B130508DB9}.Release|Any CPU.ActiveCfg = Release|Any CPU
		{39360B31-3D13-4E10-B3DA-69B130508DB9}.Release|Any CPU.Build.0 = Release|Any CPU
		{AFB9D24D-AC87-4864-943A-051027DC08CF}.Debug|Any CPU.ActiveCfg = Debug|Any CPU
		{AFB9D24D-AC87-4864-943A-051027DC08CF}.Debug|Any CPU.Build.0 = Debug|Any CPU
		{AFB9D24D-AC87-4864-943A-051027DC08CF}.Release|Any CPU.ActiveCfg = Release|Any CPU
		{AFB9D24D-AC87-4864-943A-051027DC08CF}.Release|Any CPU.Build.0 = Release|Any CPU
		{18B2C51C-43F4-453F-B2C9-A47D5D2BE13C}.Debug|Any CPU.ActiveCfg = Debug|Any CPU
		{18B2C51C-43F4-453F-B2C9-A47D5D2BE13C}.Debug|Any CPU.Build.0 = Debug|Any CPU
		{18B2C51C-43F4-453F-B2C9-A47D5D2BE13C}.Release|Any CPU.ActiveCfg = Release|Any CPU
		{18B2C51C-43F4-453F-B2C9-A47D5D2BE13C}.Release|Any CPU.Build.0 = Release|Any CPU
		{D66FAA99-D695-47B8-B791-B5FEB374607B}.Debug|Any CPU.ActiveCfg = Debug|Any CPU
		{D66FAA99-D695-47B8-B791-B5FEB374607B}.Debug|Any CPU.Build.0 = Debug|Any CPU
		{D66FAA99-D695-47B8-B791-B5FEB374607B}.Release|Any CPU.ActiveCfg = Release|Any CPU
		{D66FAA99-D695-47B8-B791-B5FEB374607B}.Release|Any CPU.Build.0 = Release|Any CPU
		{B800F43B-80CC-4A92-870B-4751A5F4892B}.Debug|Any CPU.ActiveCfg = Debug|Any CPU
		{B800F43B-80CC-4A92-870B-4751A5F4892B}.Debug|Any CPU.Build.0 = Debug|Any CPU
		{B800F43B-80CC-4A92-870B-4751A5F4892B}.Release|Any CPU.ActiveCfg = Release|Any CPU
		{B800F43B-80CC-4A92-870B-4751A5F4892B}.Release|Any CPU.Build.0 = Release|Any CPU
		{B3DF237A-6FE9-4BA9-8BA5-B0C295B2DF20}.Debug|Any CPU.ActiveCfg = Debug|Any CPU
		{B3DF237A-6FE9-4BA9-8BA5-B0C295B2DF20}.Debug|Any CPU.Build.0 = Debug|Any CPU
		{B3DF237A-6FE9-4BA9-8BA5-B0C295B2DF20}.Release|Any CPU.ActiveCfg = Release|Any CPU
		{B3DF237A-6FE9-4BA9-8BA5-B0C295B2DF20}.Release|Any CPU.Build.0 = Release|Any CPU
		{489A8B70-663E-459D-8D54-EC04CE6F3615}.Debug|Any CPU.ActiveCfg = Debug|Any CPU
		{489A8B70-663E-459D-8D54-EC04CE6F3615}.Debug|Any CPU.Build.0 = Debug|Any CPU
		{489A8B70-663E-459D-8D54-EC04CE6F3615}.Release|Any CPU.ActiveCfg = Release|Any CPU
		{489A8B70-663E-459D-8D54-EC04CE6F3615}.Release|Any CPU.Build.0 = Release|Any CPU
	EndGlobalSection
	GlobalSection(SolutionProperties) = preSolution
		HideSolutionNode = FALSE
	EndGlobalSection
	GlobalSection(NestedProjects) = preSolution
		{39B166A2-4EBF-40FA-9984-D3FB452B80D3} = {64A37BF0-2447-4484-9EF5-EF4125D70CCE}
		{95810ADF-A7D5-4798-A60E-00FD7A5E9833} = {64A37BF0-2447-4484-9EF5-EF4125D70CCE}
		{A4365092-5AF2-4092-929B-5D1FD4B16052} = {FB561CE0-D8FA-4FA1-81FA-7B2F28252384}
		{D5E33601-4E22-4940-9BF1-68CA7C1688C6} = {FB561CE0-D8FA-4FA1-81FA-7B2F28252384}
		{D7668F7B-1119-4304-9228-F9F44F51DE97} = {FB561CE0-D8FA-4FA1-81FA-7B2F28252384}
		{6DCC3D1B-454C-4197-A0BE-72660566DC07} = {FB561CE0-D8FA-4FA1-81FA-7B2F28252384}
		{13BF0335-5802-44B9-87E1-1780E7585BED} = {0FAEFB4B-AA32-4E73-82D3-FD458E94BEAD}
		{4D75C9CA-3513-447F-8686-D2FBC00E212F} = {0FAEFB4B-AA32-4E73-82D3-FD458E94BEAD}
		{CEDF3F69-12FC-428D-82AB-3E67E0F8DDF7} = {0FAEFB4B-AA32-4E73-82D3-FD458E94BEAD}
		{9D4B28A5-5935-47BD-8576-E0AC7ADDC925} = {31694B2C-5A45-4636-A2D8-A75B5D8AF899}
		{6C9B8E81-54EA-4284-A357-079DD2C8D46F} = {31694B2C-5A45-4636-A2D8-A75B5D8AF899}
		{97E390DA-1225-4F12-BF69-2EAFD966CA0D} = {31694B2C-5A45-4636-A2D8-A75B5D8AF899}
		{B48F29E2-C6DF-4798-BA33-D929B3F1A0E7} = {31694B2C-5A45-4636-A2D8-A75B5D8AF899}
		{7467FC55-2D16-420E-B906-ABD790BDA854} = {31694B2C-5A45-4636-A2D8-A75B5D8AF899}
		{4CAA819F-C613-4A08-A5C8-55E6AE3D84E9} = {31694B2C-5A45-4636-A2D8-A75B5D8AF899}
		{39360B31-3D13-4E10-B3DA-69B130508DB9} = {31694B2C-5A45-4636-A2D8-A75B5D8AF899}
		{AFB9D24D-AC87-4864-943A-051027DC08CF} = {FB561CE0-D8FA-4FA1-81FA-7B2F28252384}
		{18B2C51C-43F4-453F-B2C9-A47D5D2BE13C} = {FB561CE0-D8FA-4FA1-81FA-7B2F28252384}
		{D66FAA99-D695-47B8-B791-B5FEB374607B} = {FB561CE0-D8FA-4FA1-81FA-7B2F28252384}
		{B800F43B-80CC-4A92-870B-4751A5F4892B} = {FB561CE0-D8FA-4FA1-81FA-7B2F28252384}
		{B3DF237A-6FE9-4BA9-8BA5-B0C295B2DF20} = {FB561CE0-D8FA-4FA1-81FA-7B2F28252384}
	EndGlobalSection
	GlobalSection(ExtensibilityGlobals) = postSolution
		SolutionGuid = {4B8CF269-0CC0-4EA4-87E3-A89F2A8896E8}
	EndGlobalSection
EndGlobal
